
Microsoft Visual Studio Solution File, Format Version 12.00
# Visual Studio Version 17
VisualStudioVersion = 17.6.33815.320
MinimumVisualStudioVersion = 10.0.40219.1
Project("{FAE04EC0-301F-11D3-BF4B-00C04F79EFBC}") = "eGym", "eGym\eGym.csproj", "{FED74761-DEA8-4FE1-B776-E50337969E91}"
EndProject
Project("{FAE04EC0-301F-11D3-BF4B-00C04F79EFBC}") = "eGym.Data", "eGym.Data\eGym.Data.csproj", "{A9FC39F0-0DD8-46FF-8783-040DDDD01D1E}"
EndProject
Global
	GlobalSection(SolutionConfigurationPlatforms) = preSolution
		Debug|Any CPU = Debug|Any CPU
		Release|Any CPU = Release|Any CPU
	EndGlobalSection
	GlobalSection(ProjectConfigurationPlatforms) = postSolution
		{FED74761-DEA8-4FE1-B776-E50337969E91}.Debug|Any CPU.ActiveCfg = Debug|Any CPU
		{FED74761-DEA8-4FE1-B776-E50337969E91}.Debug|Any CPU.Build.0 = Debug|Any CPU
		{FED74761-DEA8-4FE1-B776-E50337969E91}.Release|Any CPU.ActiveCfg = Release|Any CPU
		{FED74761-DEA8-4FE1-B776-E50337969E91}.Release|Any CPU.Build.0 = Release|Any CPU
		{A9FC39F0-0DD8-46FF-8783-040DDDD01D1E}.Debug|Any CPU.ActiveCfg = Debug|Any CPU
		{A9FC39F0-0DD8-46FF-8783-040DDDD01D1E}.Debug|Any CPU.Build.0 = Debug|Any CPU
		{A9FC39F0-0DD8-46FF-8783-040DDDD01D1E}.Release|Any CPU.ActiveCfg = Release|Any CPU
		{A9FC39F0-0DD8-46FF-8783-040DDDD01D1E}.Release|Any CPU.Build.0 = Release|Any CPU
	EndGlobalSection
	GlobalSection(SolutionProperties) = preSolution
		HideSolutionNode = FALSE
	EndGlobalSection
	GlobalSection(ExtensibilityGlobals) = postSolution
		SolutionGuid = {A6F7E189-850A-4564-A66C-FD41C63A8495}
	EndGlobalSection
EndGlobal
